// !$*UTF8*$!
{
	archiveVersion = 1;
	classes = {
	};
	objectVersion = 55;
	objects = {

/* Begin PBXBuildFile section */
		286766FD28F4B01B00124EF1 /* AppClipHalloweenApp.swift in Sources */ = {isa = PBXBuildFile; fileRef = 286766FC28F4B01B00124EF1 /* AppClipHalloweenApp.swift */; };
		286766FF28F4B01B00124EF1 /* ContentView.swift in Sources */ = {isa = PBXBuildFile; fileRef = 286766FE28F4B01B00124EF1 /* ContentView.swift */; };
		2867670128F4B01B00124EF1 /* Assets.xcassets in Resources */ = {isa = PBXBuildFile; fileRef = 2867670028F4B01B00124EF1 /* Assets.xcassets */; };
		2867670428F4B01B00124EF1 /* Preview Assets.xcassets in Resources */ = {isa = PBXBuildFile; fileRef = 2867670328F4B01B00124EF1 /* Preview Assets.xcassets */; };
		2867671128F4B10B00124EF1 /* HalloweenClipApp.swift in Sources */ = {isa = PBXBuildFile; fileRef = 2867671028F4B10B00124EF1 /* HalloweenClipApp.swift */; };
		2867671328F4B10B00124EF1 /* ContentView.swift in Sources */ = {isa = PBXBuildFile; fileRef = 2867671228F4B10B00124EF1 /* ContentView.swift */; };
		2867671528F4B10D00124EF1 /* Assets.xcassets in Resources */ = {isa = PBXBuildFile; fileRef = 2867671428F4B10D00124EF1 /* Assets.xcassets */; };
		2867671828F4B10D00124EF1 /* Preview Assets.xcassets in Resources */ = {isa = PBXBuildFile; fileRef = 2867671728F4B10D00124EF1 /* Preview Assets.xcassets */; };
		2867671D28F4B10D00124EF1 /* HalloweenClip.app in Embed App Clips */ = {isa = PBXBuildFile; fileRef = 2867670E28F4B10B00124EF1 /* HalloweenClip.app */; settings = {ATTRIBUTES = (RemoveHeadersOnCopy, ); }; };
/* End PBXBuildFile section */

/* Begin PBXContainerItemProxy section */
		2867671B28F4B10D00124EF1 /* PBXContainerItemProxy */ = {
			isa = PBXContainerItemProxy;
			containerPortal = 286766F128F4B01B00124EF1 /* Project object */;
			proxyType = 1;
			remoteGlobalIDString = 2867670D28F4B10B00124EF1;
			remoteInfo = HalloweenClip;
		};
/* End PBXContainerItemProxy section */

/* Begin PBXCopyFilesBuildPhase section */
		2867672128F4B10D00124EF1 /* Embed App Clips */ = {
			isa = PBXCopyFilesBuildPhase;
			buildActionMask = 2147483647;
			dstPath = "$(CONTENTS_FOLDER_PATH)/AppClips";
			dstSubfolderSpec = 16;
			files = (
				2867671D28F4B10D00124EF1 /* HalloweenClip.app in Embed App Clips */,
			);
			name = "Embed App Clips";
			runOnlyForDeploymentPostprocessing = 0;
		};
/* End PBXCopyFilesBuildPhase section */

/* Begin PBXFileReference section */
		286766F928F4B01B00124EF1 /* AppClipHalloween.app */ = {isa = PBXFileReference; explicitFileType = wrapper.application; includeInIndex = 0; path = AppClipHalloween.app; sourceTree = BUILT_PRODUCTS_DIR; };
		286766FC28F4B01B00124EF1 /* AppClipHalloweenApp.swift */ = {isa = PBXFileReference; lastKnownFileType = sourcecode.swift; path = AppClipHalloweenApp.swift; sourceTree = "<group>"; };
		286766FE28F4B01B00124EF1 /* ContentView.swift */ = {isa = PBXFileReference; lastKnownFileType = sourcecode.swift; path = ContentView.swift; sourceTree = "<group>"; };
		2867670028F4B01B00124EF1 /* Assets.xcassets */ = {isa = PBXFileReference; lastKnownFileType = folder.assetcatalog; path = Assets.xcassets; sourceTree = "<group>"; };
		2867670328F4B01B00124EF1 /* Preview Assets.xcassets */ = {isa = PBXFileReference; lastKnownFileType = folder.assetcatalog; path = "Preview Assets.xcassets"; sourceTree = "<group>"; };
		2867670E28F4B10B00124EF1 /* HalloweenClip.app */ = {isa = PBXFileReference; explicitFileType = wrapper.application; includeInIndex = 0; path = HalloweenClip.app; sourceTree = BUILT_PRODUCTS_DIR; };
		2867671028F4B10B00124EF1 /* HalloweenClipApp.swift */ = {isa = PBXFileReference; lastKnownFileType = sourcecode.swift; path = HalloweenClipApp.swift; sourceTree = "<group>"; };
		2867671228F4B10B00124EF1 /* ContentView.swift */ = {isa = PBXFileReference; lastKnownFileType = sourcecode.swift; path = ContentView.swift; sourceTree = "<group>"; };
		2867671428F4B10D00124EF1 /* Assets.xcassets */ = {isa = PBXFileReference; lastKnownFileType = folder.assetcatalog; path = Assets.xcassets; sourceTree = "<group>"; };
		2867671728F4B10D00124EF1 /* Preview Assets.xcassets */ = {isa = PBXFileReference; lastKnownFileType = folder.assetcatalog; path = "Preview Assets.xcassets"; sourceTree = "<group>"; };
		2867671928F4B10D00124EF1 /* Info.plist */ = {isa = PBXFileReference; lastKnownFileType = text.plist.xml; path = Info.plist; sourceTree = "<group>"; };
		2867671A28F4B10D00124EF1 /* HalloweenClip.entitlements */ = {isa = PBXFileReference; lastKnownFileType = text.plist.entitlements; path = HalloweenClip.entitlements; sourceTree = "<group>"; };
/* End PBXFileReference section */

/* Begin PBXFrameworksBuildPhase section */
		286766F628F4B01B00124EF1 /* Frameworks */ = {
			isa = PBXFrameworksBuildPhase;
			buildActionMask = 2147483647;
			files = (
			);
			runOnlyForDeploymentPostprocessing = 0;
		};
		2867670B28F4B10B00124EF1 /* Frameworks */ = {
			isa = PBXFrameworksBuildPhase;
			buildActionMask = 2147483647;
			files = (
			);
			runOnlyForDeploymentPostprocessing = 0;
		};
/* End PBXFrameworksBuildPhase section */

/* Begin PBXGroup section */
		286766F028F4B01B00124EF1 = {
			isa = PBXGroup;
			children = (
				286766FB28F4B01B00124EF1 /* AppClipHalloween */,
				2867670F28F4B10B00124EF1 /* HalloweenClip */,
				286766FA28F4B01B00124EF1 /* Products */,
			);
			sourceTree = "<group>";
		};
		286766FA28F4B01B00124EF1 /* Products */ = {
			isa = PBXGroup;
			children = (
				286766F928F4B01B00124EF1 /* AppClipHalloween.app */,
				2867670E28F4B10B00124EF1 /* HalloweenClip.app */,
			);
			name = Products;
			sourceTree = "<group>";
		};
		286766FB28F4B01B00124EF1 /* AppClipHalloween */ = {
			isa = PBXGroup;
			children = (
				286766FC28F4B01B00124EF1 /* AppClipHalloweenApp.swift */,
				286766FE28F4B01B00124EF1 /* ContentView.swift */,
				2867670028F4B01B00124EF1 /* Assets.xcassets */,
				2867670228F4B01B00124EF1 /* Preview Content */,
			);
			path = AppClipHalloween;
			sourceTree = "<group>";
		};
		2867670228F4B01B00124EF1 /* Preview Content */ = {
			isa = PBXGroup;
			children = (
				2867670328F4B01B00124EF1 /* Preview Assets.xcassets */,
			);
			path = "Preview Content";
			sourceTree = "<group>";
		};
		2867670F28F4B10B00124EF1 /* HalloweenClip */ = {
			isa = PBXGroup;
			children = (
				2867671028F4B10B00124EF1 /* HalloweenClipApp.swift */,
				2867671228F4B10B00124EF1 /* ContentView.swift */,
				2867671428F4B10D00124EF1 /* Assets.xcassets */,
				2867671928F4B10D00124EF1 /* Info.plist */,
				2867671A28F4B10D00124EF1 /* HalloweenClip.entitlements */,
				2867671628F4B10D00124EF1 /* Preview Content */,
			);
			path = HalloweenClip;
			sourceTree = "<group>";
		};
		2867671628F4B10D00124EF1 /* Preview Content */ = {
			isa = PBXGroup;
			children = (
				2867671728F4B10D00124EF1 /* Preview Assets.xcassets */,
			);
			path = "Preview Content";
			sourceTree = "<group>";
		};
/* End PBXGroup section */

/* Begin PBXNativeTarget section */
		286766F828F4B01B00124EF1 /* AppClipHalloween */ = {
			isa = PBXNativeTarget;
			buildConfigurationList = 2867670728F4B01B00124EF1 /* Build configuration list for PBXNativeTarget "AppClipHalloween" */;
			buildPhases = (
				286766F528F4B01B00124EF1 /* Sources */,
				286766F628F4B01B00124EF1 /* Frameworks */,
				286766F728F4B01B00124EF1 /* Resources */,
				2867672128F4B10D00124EF1 /* Embed App Clips */,
			);
			buildRules = (
			);
			dependencies = (
				2867671C28F4B10D00124EF1 /* PBXTargetDependency */,
			);
			name = AppClipHalloween;
			productName = AppClipHalloween;
			productReference = 286766F928F4B01B00124EF1 /* AppClipHalloween.app */;
			productType = "com.apple.product-type.application";
		};
		2867670D28F4B10B00124EF1 /* HalloweenClip */ = {
			isa = PBXNativeTarget;
			buildConfigurationList = 2867671E28F4B10D00124EF1 /* Build configuration list for PBXNativeTarget "HalloweenClip" */;
			buildPhases = (
				2867670A28F4B10B00124EF1 /* Sources */,
				2867670B28F4B10B00124EF1 /* Frameworks */,
				2867670C28F4B10B00124EF1 /* Resources */,
			);
			buildRules = (
			);
			dependencies = (
			);
			name = HalloweenClip;
			productName = HalloweenClip;
			productReference = 2867670E28F4B10B00124EF1 /* HalloweenClip.app */;
			productType = "com.apple.product-type.application.on-demand-install-capable";
		};
/* End PBXNativeTarget section */

/* Begin PBXProject section */
		286766F128F4B01B00124EF1 /* Project object */ = {
			isa = PBXProject;
			attributes = {
				BuildIndependentTargetsInParallel = 1;
				LastSwiftUpdateCheck = 1340;
				LastUpgradeCheck = 1340;
				TargetAttributes = {
					286766F828F4B01B00124EF1 = {
						CreatedOnToolsVersion = 13.4.1;
					};
					2867670D28F4B10B00124EF1 = {
						CreatedOnToolsVersion = 13.4.1;
					};
				};
			};
			buildConfigurationList = 286766F428F4B01B00124EF1 /* Build configuration list for PBXProject "AppClipHalloween" */;
			compatibilityVersion = "Xcode 13.0";
			developmentRegion = en;
			hasScannedForEncodings = 0;
			knownRegions = (
				en,
				Base,
			);
			mainGroup = 286766F028F4B01B00124EF1;
			productRefGroup = 286766FA28F4B01B00124EF1 /* Products */;
			projectDirPath = "";
			projectRoot = "";
			targets = (
				286766F828F4B01B00124EF1 /* AppClipHalloween */,
				2867670D28F4B10B00124EF1 /* HalloweenClip */,
			);
		};
/* End PBXProject section */

/* Begin PBXResourcesBuildPhase section */
		286766F728F4B01B00124EF1 /* Resources */ = {
			isa = PBXResourcesBuildPhase;
			buildActionMask = 2147483647;
			files = (
				2867670428F4B01B00124EF1 /* Preview Assets.xcassets in Resources */,
				2867670128F4B01B00124EF1 /* Assets.xcassets in Resources */,
			);
			runOnlyForDeploymentPostprocessing = 0;
		};
		2867670C28F4B10B00124EF1 /* Resources */ = {
			isa = PBXResourcesBuildPhase;
			buildActionMask = 2147483647;
			files = (
				2867671828F4B10D00124EF1 /* Preview Assets.xcassets in Resources */,
				2867671528F4B10D00124EF1 /* Assets.xcassets in Resources */,
			);
			runOnlyForDeploymentPostprocessing = 0;
		};
/* End PBXResourcesBuildPhase section */

/* Begin PBXSourcesBuildPhase section */
		286766F528F4B01B00124EF1 /* Sources */ = {
			isa = PBXSourcesBuildPhase;
			buildActionMask = 2147483647;
			files = (
				286766FF28F4B01B00124EF1 /* ContentView.swift in Sources */,
				286766FD28F4B01B00124EF1 /* AppClipHalloweenApp.swift in Sources */,
			);
			runOnlyForDeploymentPostprocessing = 0;
		};
		2867670A28F4B10B00124EF1 /* Sources */ = {
			isa = PBXSourcesBuildPhase;
			buildActionMask = 2147483647;
			files = (
				2867671328F4B10B00124EF1 /* ContentView.swift in Sources */,
				2867671128F4B10B00124EF1 /* HalloweenClipApp.swift in Sources */,
			);
			runOnlyForDeploymentPostprocessing = 0;
		};
/* End PBXSourcesBuildPhase section */

/* Begin PBXTargetDependency section */
		2867671C28F4B10D00124EF1 /* PBXTargetDependency */ = {
			isa = PBXTargetDependency;
			target = 2867670D28F4B10B00124EF1 /* HalloweenClip */;
			targetProxy = 2867671B28F4B10D00124EF1 /* PBXContainerItemProxy */;
		};
/* End PBXTargetDependency section */

/* Begin XCBuildConfiguration section */
		2867670528F4B01B00124EF1 /* Debug */ = {
			isa = XCBuildConfiguration;
			buildSettings = {
				ALWAYS_SEARCH_USER_PATHS = NO;
				CLANG_ANALYZER_NONNULL = YES;
				CLANG_ANALYZER_NUMBER_OBJECT_CONVERSION = YES_AGGRESSIVE;
				CLANG_CXX_LANGUAGE_STANDARD = "gnu++17";
				CLANG_ENABLE_MODULES = YES;
				CLANG_ENABLE_OBJC_ARC = YES;
				CLANG_ENABLE_OBJC_WEAK = YES;
				CLANG_WARN_BLOCK_CAPTURE_AUTORELEASING = YES;
				CLANG_WARN_BOOL_CONVERSION = YES;
				CLANG_WARN_COMMA = YES;
				CLANG_WARN_CONSTANT_CONVERSION = YES;
				CLANG_WARN_DEPRECATED_OBJC_IMPLEMENTATIONS = YES;
				CLANG_WARN_DIRECT_OBJC_ISA_USAGE = YES_ERROR;
				CLANG_WARN_DOCUMENTATION_COMMENTS = YES;
				CLANG_WARN_EMPTY_BODY = YES;
				CLANG_WARN_ENUM_CONVERSION = YES;
				CLANG_WARN_INFINITE_RECURSION = YES;
				CLANG_WARN_INT_CONVERSION = YES;
				CLANG_WARN_NON_LITERAL_NULL_CONVERSION = YES;
				CLANG_WARN_OBJC_IMPLICIT_RETAIN_SELF = YES;
				CLANG_WARN_OBJC_LITERAL_CONVERSION = YES;
				CLANG_WARN_OBJC_ROOT_CLASS = YES_ERROR;
				CLANG_WARN_QUOTED_INCLUDE_IN_FRAMEWORK_HEADER = YES;
				CLANG_WARN_RANGE_LOOP_ANALYSIS = YES;
				CLANG_WARN_STRICT_PROTOTYPES = YES;
				CLANG_WARN_SUSPICIOUS_MOVE = YES;
				CLANG_WARN_UNGUARDED_AVAILABILITY = YES_AGGRESSIVE;
				CLANG_WARN_UNREACHABLE_CODE = YES;
				CLANG_WARN__DUPLICATE_METHOD_MATCH = YES;
				COPY_PHASE_STRIP = NO;
				DEBUG_INFORMATION_FORMAT = dwarf;
				ENABLE_STRICT_OBJC_MSGSEND = YES;
				ENABLE_TESTABILITY = YES;
				GCC_C_LANGUAGE_STANDARD = gnu11;
				GCC_DYNAMIC_NO_PIC = NO;
				GCC_NO_COMMON_BLOCKS = YES;
				GCC_OPTIMIZATION_LEVEL = 0;
				GCC_PREPROCESSOR_DEFINITIONS = (
					"DEBUG=1",
					"$(inherited)",
				);
				GCC_WARN_64_TO_32_BIT_CONVERSION = YES;
				GCC_WARN_ABOUT_RETURN_TYPE = YES_ERROR;
				GCC_WARN_UNDECLARED_SELECTOR = YES;
				GCC_WARN_UNINITIALIZED_AUTOS = YES_AGGRESSIVE;
				GCC_WARN_UNUSED_FUNCTION = YES;
				GCC_WARN_UNUSED_VARIABLE = YES;
				IPHONEOS_DEPLOYMENT_TARGET = 15.5;
				MTL_ENABLE_DEBUG_INFO = INCLUDE_SOURCE;
				MTL_FAST_MATH = YES;
				ONLY_ACTIVE_ARCH = YES;
				SDKROOT = iphoneos;
				SWIFT_ACTIVE_COMPILATION_CONDITIONS = DEBUG;
				SWIFT_OPTIMIZATION_LEVEL = "-Onone";
			};
			name = Debug;
		};
		2867670628F4B01B00124EF1 /* Release */ = {
			isa = XCBuildConfiguration;
			buildSettings = {
				ALWAYS_SEARCH_USER_PATHS = NO;
				CLANG_ANALYZER_NONNULL = YES;
				CLANG_ANALYZER_NUMBER_OBJECT_CONVERSION = YES_AGGRESSIVE;
				CLANG_CXX_LANGUAGE_STANDARD = "gnu++17";
				CLANG_ENABLE_MODULES = YES;
				CLANG_ENABLE_OBJC_ARC = YES;
				CLANG_ENABLE_OBJC_WEAK = YES;
				CLANG_WARN_BLOCK_CAPTURE_AUTORELEASING = YES;
				CLANG_WARN_BOOL_CONVERSION = YES;
				CLANG_WARN_COMMA = YES;
				CLANG_WARN_CONSTANT_CONVERSION = YES;
				CLANG_WARN_DEPRECATED_OBJC_IMPLEMENTATIONS = YES;
				CLANG_WARN_DIRECT_OBJC_ISA_USAGE = YES_ERROR;
				CLANG_WARN_DOCUMENTATION_COMMENTS = YES;
				CLANG_WARN_EMPTY_BODY = YES;
				CLANG_WARN_ENUM_CONVERSION = YES;
				CLANG_WARN_INFINITE_RECURSION = YES;
				CLANG_WARN_INT_CONVERSION = YES;
				CLANG_WARN_NON_LITERAL_NULL_CONVERSION = YES;
				CLANG_WARN_OBJC_IMPLICIT_RETAIN_SELF = YES;
				CLANG_WARN_OBJC_LITERAL_CONVERSION = YES;
				CLANG_WARN_OBJC_ROOT_CLASS = YES_ERROR;
				CLANG_WARN_QUOTED_INCLUDE_IN_FRAMEWORK_HEADER = YES;
				CLANG_WARN_RANGE_LOOP_ANALYSIS = YES;
				CLANG_WARN_STRICT_PROTOTYPES = YES;
				CLANG_WARN_SUSPICIOUS_MOVE = YES;
				CLANG_WARN_UNGUARDED_AVAILABILITY = YES_AGGRESSIVE;
				CLANG_WARN_UNREACHABLE_CODE = YES;
				CLANG_WARN__DUPLICATE_METHOD_MATCH = YES;
				COPY_PHASE_STRIP = NO;
				DEBUG_INFORMATION_FORMAT = "dwarf-with-dsym";
				ENABLE_NS_ASSERTIONS = NO;
				ENABLE_STRICT_OBJC_MSGSEND = YES;
				GCC_C_LANGUAGE_STANDARD = gnu11;
				GCC_NO_COMMON_BLOCKS = YES;
				GCC_WARN_64_TO_32_BIT_CONVERSION = YES;
				GCC_WARN_ABOUT_RETURN_TYPE = YES_ERROR;
				GCC_WARN_UNDECLARED_SELECTOR = YES;
				GCC_WARN_UNINITIALIZED_AUTOS = YES_AGGRESSIVE;
				GCC_WARN_UNUSED_FUNCTION = YES;
				GCC_WARN_UNUSED_VARIABLE = YES;
				IPHONEOS_DEPLOYMENT_TARGET = 15.5;
				MTL_ENABLE_DEBUG_INFO = NO;
				MTL_FAST_MATH = YES;
				SDKROOT = iphoneos;
				SWIFT_COMPILATION_MODE = wholemodule;
				SWIFT_OPTIMIZATION_LEVEL = "-O";
				VALIDATE_PRODUCT = YES;
			};
			name = Release;
		};
		2867670828F4B01B00124EF1 /* Debug */ = {
			isa = XCBuildConfiguration;
			buildSettings = {
				ALWAYS_EMBED_SWIFT_STANDARD_LIBRARIES = YES;
				ASSETCATALOG_COMPILER_APPICON_NAME = AppIcon;
				ASSETCATALOG_COMPILER_GLOBAL_ACCENT_COLOR_NAME = AccentColor;
				CODE_SIGN_STYLE = Automatic;
				CURRENT_PROJECT_VERSION = 1;
				DEVELOPMENT_ASSET_PATHS = "\"AppClipHalloween/Preview Content\"";
				DEVELOPMENT_TEAM = 8MKU4N27YM;
				ENABLE_PREVIEWS = YES;
				GENERATE_INFOPLIST_FILE = YES;
				INFOPLIST_KEY_UIApplicationSceneManifest_Generation = YES;
				INFOPLIST_KEY_UIApplicationSupportsIndirectInputEvents = YES;
				INFOPLIST_KEY_UILaunchScreen_Generation = YES;
				INFOPLIST_KEY_UISupportedInterfaceOrientations_iPad = "UIInterfaceOrientationPortrait UIInterfaceOrientationPortraitUpsideDown UIInterfaceOrientationLandscapeLeft UIInterfaceOrientationLandscapeRight";
				INFOPLIST_KEY_UISupportedInterfaceOrientations_iPhone = "UIInterfaceOrientationPortrait UIInterfaceOrientationLandscapeLeft UIInterfaceOrientationLandscapeRight";
				LD_RUNPATH_SEARCH_PATHS = (
					"$(inherited)",
					"@executable_path/Frameworks",
				);
				MARKETING_VERSION = 1.0;
				PRODUCT_BUNDLE_IDENTIFIER = com.appClipHalloween;
				PRODUCT_NAME = "$(TARGET_NAME)";
				SWIFT_ACTIVE_COMPILATION_CONDITIONS = "DEBUG APPCLIP";
				SWIFT_EMIT_LOC_STRINGS = YES;
				SWIFT_VERSION = 5.0;
				TARGETED_DEVICE_FAMILY = "1,2";
			};
			name = Debug;
		};
		2867670928F4B01B00124EF1 /* Release */ = {
			isa = XCBuildConfiguration;
			buildSettings = {
				ALWAYS_EMBED_SWIFT_STANDARD_LIBRARIES = YES;
				ASSETCATALOG_COMPILER_APPICON_NAME = AppIcon;
				ASSETCATALOG_COMPILER_GLOBAL_ACCENT_COLOR_NAME = AccentColor;
				CODE_SIGN_STYLE = Automatic;
				CURRENT_PROJECT_VERSION = 1;
				DEVELOPMENT_ASSET_PATHS = "\"AppClipHalloween/Preview Content\"";
				DEVELOPMENT_TEAM = 8MKU4N27YM;
				ENABLE_PREVIEWS = YES;
				GENERATE_INFOPLIST_FILE = YES;
				INFOPLIST_KEY_UIApplicationSceneManifest_Generation = YES;
				INFOPLIST_KEY_UIApplicationSupportsIndirectInputEvents = YES;
				INFOPLIST_KEY_UILaunchScreen_Generation = YES;
				INFOPLIST_KEY_UISupportedInterfaceOrientations_iPad = "UIInterfaceOrientationPortrait UIInterfaceOrientationPortraitUpsideDown UIInterfaceOrientationLandscapeLeft UIInterfaceOrientationLandscapeRight";
				INFOPLIST_KEY_UISupportedInterfaceOrientations_iPhone = "UIInterfaceOrientationPortrait UIInterfaceOrientationLandscapeLeft UIInterfaceOrientationLandscapeRight";
				LD_RUNPATH_SEARCH_PATHS = (
					"$(inherited)",
					"@executable_path/Frameworks",
				);
				MARKETING_VERSION = 1.0;
				PRODUCT_BUNDLE_IDENTIFIER = com.appClipHalloween;
				PRODUCT_NAME = "$(TARGET_NAME)";
				SWIFT_ACTIVE_COMPILATION_CONDITIONS = APPCLIP;
				SWIFT_EMIT_LOC_STRINGS = YES;
				SWIFT_VERSION = 5.0;
				TARGETED_DEVICE_FAMILY = "1,2";
			};
			name = Release;
		};
		2867671F28F4B10D00124EF1 /* Debug */ = {
			isa = XCBuildConfiguration;
			buildSettings = {
				ASSETCATALOG_COMPILER_APPICON_NAME = AppIcon;
				ASSETCATALOG_COMPILER_GLOBAL_ACCENT_COLOR_NAME = AccentColor;
				CODE_SIGN_ENTITLEMENTS = HalloweenClip/HalloweenClip.entitlements;
				CODE_SIGN_STYLE = Automatic;
				CURRENT_PROJECT_VERSION = 1;
				DEVELOPMENT_ASSET_PATHS = "\"HalloweenClip/Preview Content\"";
				DEVELOPMENT_TEAM = 8MKU4N27YM;
				ENABLE_PREVIEWS = YES;
				GENERATE_INFOPLIST_FILE = YES;
				INFOPLIST_FILE = HalloweenClip/Info.plist;
				INFOPLIST_KEY_CFBundleDisplayName = AppClipHalloween;
				INFOPLIST_KEY_UIApplicationSceneManifest_Generation = YES;
				INFOPLIST_KEY_UIApplicationSupportsIndirectInputEvents = YES;
				INFOPLIST_KEY_UILaunchScreen_Generation = YES;
				INFOPLIST_KEY_UISupportedInterfaceOrientations_iPad = "UIInterfaceOrientationPortrait UIInterfaceOrientationPortraitUpsideDown UIInterfaceOrientationLandscapeLeft UIInterfaceOrientationLandscapeRight";
				INFOPLIST_KEY_UISupportedInterfaceOrientations_iPhone = "UIInterfaceOrientationPortrait UIInterfaceOrientationLandscapeLeft UIInterfaceOrientationLandscapeRight";
				LD_RUNPATH_SEARCH_PATHS = (
					"$(inherited)",
					"@executable_path/Frameworks",
				);
				MARKETING_VERSION = 1.0;
				PRODUCT_BUNDLE_IDENTIFIER = "com.appClipHalloween.Halloween-app";
				PRODUCT_NAME = "$(TARGET_NAME)";
				SWIFT_EMIT_LOC_STRINGS = YES;
				SWIFT_VERSION = 5.0;
				TARGETED_DEVICE_FAMILY = "1,2";
			};
			name = Debug;
		};
		2867672028F4B10D00124EF1 /* Release */ = {
			isa = XCBuildConfiguration;
			buildSettings = {
				ASSETCATALOG_COMPILER_APPICON_NAME = AppIcon;
				ASSETCATALOG_COMPILER_GLOBAL_ACCENT_COLOR_NAME = AccentColor;
				CODE_SIGN_ENTITLEMENTS = HalloweenClip/HalloweenClip.entitlements;
				CODE_SIGN_STYLE = Automatic;
				CURRENT_PROJECT_VERSION = 1;
				DEVELOPMENT_ASSET_PATHS = "\"HalloweenClip/Preview Content\"";
				DEVELOPMENT_TEAM = 8MKU4N27YM;
				ENABLE_PREVIEWS = YES;
				GENERATE_INFOPLIST_FILE = YES;
				INFOPLIST_FILE = HalloweenClip/Info.plist;
				INFOPLIST_KEY_CFBundleDisplayName = AppClipHalloween;
				INFOPLIST_KEY_UIApplicationSceneManifest_Generation = YES;
				INFOPLIST_KEY_UIApplicationSupportsIndirectInputEvents = YES;
				INFOPLIST_KEY_UILaunchScreen_Generation = YES;
				INFOPLIST_KEY_UISupportedInterfaceOrientations_iPad = "UIInterfaceOrientationPortrait UIInterfaceOrientationPortraitUpsideDown UIInterfaceOrientationLandscapeLeft UIInterfaceOrientationLandscapeRight";
				INFOPLIST_KEY_UISupportedInterfaceOrientations_iPhone = "UIInterfaceOrientationPortrait UIInterfaceOrientationLandscapeLeft UIInterfaceOrientationLandscapeRight";
				LD_RUNPATH_SEARCH_PATHS = (
					"$(inherited)",
					"@executable_path/Frameworks",
				);
				MARKETING_VERSION = 1.0;
				PRODUCT_BUNDLE_IDENTIFIER = "com.appClipHalloween.Halloween-app";
				PRODUCT_NAME = "$(TARGET_NAME)";
				SWIFT_EMIT_LOC_STRINGS = YES;
				SWIFT_VERSION = 5.0;
				TARGETED_DEVICE_FAMILY = "1,2";
			};
			name = Release;
		};
/* End XCBuildConfiguration section */

/* Begin XCConfigurationList section */
		286766F428F4B01B00124EF1 /* Build configuration list for PBXProject "AppClipHalloween" */ = {
			isa = XCConfigurationList;
			buildConfigurations = (
				2867670528F4B01B00124EF1 /* Debug */,
				2867670628F4B01B00124EF1 /* Release */,
			);
			defaultConfigurationIsVisible = 0;
			defaultConfigurationName = Release;
		};
		2867670728F4B01B00124EF1 /* Build configuration list for PBXNativeTarget "AppClipHalloween" */ = {
			isa = XCConfigurationList;
			buildConfigurations = (
				2867670828F4B01B00124EF1 /* Debug */,
				2867670928F4B01B00124EF1 /* Release */,
			);
			defaultConfigurationIsVisible = 0;
			defaultConfigurationName = Release;
		};
		2867671E28F4B10D00124EF1 /* Build configuration list for PBXNativeTarget "HalloweenClip" */ = {
			isa = XCConfigurationList;
			buildConfigurations = (
				2867671F28F4B10D00124EF1 /* Debug */,
				2867672028F4B10D00124EF1 /* Release */,
			);
			defaultConfigurationIsVisible = 0;
			defaultConfigurationName = Release;
		};
/* End XCConfigurationList section */
	};
	rootObject = 286766F128F4B01B00124EF1 /* Project object */;
}
